
Microsoft Visual Studio Solution File, Format Version 12.00
# Visual Studio 2013
VisualStudioVersion = 12.0.21005.1
MinimumVisualStudioVersion = 10.0.40219.1
Project("{2150E333-8FDC-42A3-9474-1A3956D46DE8}") = "UIForms", "UIForms", "{A92E0495-3F45-4336-AB18-FFC5164A87D1}"
EndProject
Project("{FAE04EC0-301F-11D3-BF4B-00C04F79EFBC}") = "UserControls", "UserControls\UserControls.csproj", "{DE132A57-8094-47E3-A23B-4CE262397870}"
EndProject
Project("{2150E333-8FDC-42A3-9474-1A3956D46DE8}") = "Common", "Common", "{BF8AA609-26B6-4C77-920C-373F01A49773}"
EndProject
Project("{FAE04EC0-301F-11D3-BF4B-00C04F79EFBC}") = "Logging", "Logging\Logging.csproj", "{4CC39A5D-E68A-4D45-97DA-85C35D0C1A0F}"
EndProject
Project("{FAE04EC0-301F-11D3-BF4B-00C04F79EFBC}") = "DataAccess", "DataAccess\DataAccess.csproj", "{2EB8B9EF-BCAC-41C0-9160-6AF4C21F123B}"
EndProject
Project("{2150E333-8FDC-42A3-9474-1A3956D46DE8}") = "DbEntities", "DbEntities", "{ECE72719-18B1-4FBA-AD5C-0610022969D8}"
EndProject
Project("{2150E333-8FDC-42A3-9474-1A3956D46DE8}") = "Business", "Business", "{F6A7FD6D-EDAA-463B-B843-7C6B79D5AEF3}"
EndProject
Project("{FAE04EC0-301F-11D3-BF4B-00C04F79EFBC}") = "Business", "Business\Business.csproj", "{DA367CBC-73DB-419A-96AD-741FCDD9E264}"
EndProject
Project("{FAE04EC0-301F-11D3-BF4B-00C04F79EFBC}") = "Utility", "Utility\Utility.csproj", "{A1B2BC17-BA8B-43A0-8A00-D48940696492}"
EndProject
Project("{2150E333-8FDC-42A3-9474-1A3956D46DE8}") = "Tools", "Tools", "{C1ACC4C5-8677-4258-8819-5A58FC2B7FE9}"
EndProject
Project("{FAE04EC0-301F-11D3-BF4B-00C04F79EFBC}") = "CodeGenerate", "CodeGenerate\CodeGenerate.csproj", "{88A7F680-DF1A-4B26-BF00-946444E74726}"
EndProject
Project("{FAE04EC0-301F-11D3-BF4B-00C04F79EFBC}") = "Entities", "Entities\Entities.csproj", "{B9EF4C55-0BF7-4985-BD89-199C5ACF9407}"
EndProject
Project("{FAE04EC0-301F-11D3-BF4B-00C04F79EFBC}") = "WinForms", "WinForms\WinForms.csproj", "{01188D36-9AC3-4406-81EB-BA2E34BDDF23}"
EndProject
Project("{FAE04EC0-301F-11D3-BF4B-00C04F79EFBC}") = "UICommon", "UICommon\UICommon.csproj", "{47E583FA-4BA7-4782-B13B-C102BB23A81E}"
EndProject
Project("{FAE04EC0-301F-11D3-BF4B-00C04F79EFBC}") = "DXApplication1", "DXApplication1\DXApplication1\DXApplication1.csproj", "{A24E048C-9469-4892-A380-8166ED5DB725}"
EndProject
Project("{FAE04EC0-301F-11D3-BF4B-00C04F79EFBC}") = "DXApplication3", "DXApplication3\DXApplication3\DXApplication3.csproj", "{F33C23EE-DCE7-443E-90DB-3C20A54405E8}"
EndProject
Project("{FAE04EC0-301F-11D3-BF4B-00C04F79EFBC}") = "Test", "Test\Test.csproj", "{B5C89BEE-6B82-4E26-92A1-EAFACDEA96F7}"
EndProject
Global
	GlobalSection(SolutionConfigurationPlatforms) = preSolution
		Debug|Any CPU = Debug|Any CPU
		Release|Any CPU = Release|Any CPU
	EndGlobalSection
	GlobalSection(ProjectConfigurationPlatforms) = postSolution
		{DE132A57-8094-47E3-A23B-4CE262397870}.Debug|Any CPU.ActiveCfg = Debug|Any CPU
		{DE132A57-8094-47E3-A23B-4CE262397870}.Debug|Any CPU.Build.0 = Debug|Any CPU
		{DE132A57-8094-47E3-A23B-4CE262397870}.Release|Any CPU.ActiveCfg = Release|Any CPU
		{DE132A57-8094-47E3-A23B-4CE262397870}.Release|Any CPU.Build.0 = Release|Any CPU
		{4CC39A5D-E68A-4D45-97DA-85C35D0C1A0F}.Debug|Any CPU.ActiveCfg = Debug|Any CPU
		{4CC39A5D-E68A-4D45-97DA-85C35D0C1A0F}.Debug|Any CPU.Build.0 = Debug|Any CPU
		{4CC39A5D-E68A-4D45-97DA-85C35D0C1A0F}.Release|Any CPU.ActiveCfg = Release|Any CPU
		{4CC39A5D-E68A-4D45-97DA-85C35D0C1A0F}.Release|Any CPU.Build.0 = Release|Any CPU
		{2EB8B9EF-BCAC-41C0-9160-6AF4C21F123B}.Debug|Any CPU.ActiveCfg = Debug|Any CPU
		{2EB8B9EF-BCAC-41C0-9160-6AF4C21F123B}.Debug|Any CPU.Build.0 = Debug|Any CPU
		{2EB8B9EF-BCAC-41C0-9160-6AF4C21F123B}.Release|Any CPU.ActiveCfg = Release|Any CPU
		{2EB8B9EF-BCAC-41C0-9160-6AF4C21F123B}.Release|Any CPU.Build.0 = Release|Any CPU
		{DA367CBC-73DB-419A-96AD-741FCDD9E264}.Debug|Any CPU.ActiveCfg = Debug|Any CPU
		{DA367CBC-73DB-419A-96AD-741FCDD9E264}.Debug|Any CPU.Build.0 = Debug|Any CPU
		{DA367CBC-73DB-419A-96AD-741FCDD9E264}.Release|Any CPU.ActiveCfg = Release|Any CPU
		{DA367CBC-73DB-419A-96AD-741FCDD9E264}.Release|Any CPU.Build.0 = Release|Any CPU
		{A1B2BC17-BA8B-43A0-8A00-D48940696492}.Debug|Any CPU.ActiveCfg = Debug|Any CPU
		{A1B2BC17-BA8B-43A0-8A00-D48940696492}.Debug|Any CPU.Build.0 = Debug|Any CPU
		{A1B2BC17-BA8B-43A0-8A00-D48940696492}.Release|Any CPU.ActiveCfg = Release|Any CPU
		{A1B2BC17-BA8B-43A0-8A00-D48940696492}.Release|Any CPU.Build.0 = Release|Any CPU
		{88A7F680-DF1A-4B26-BF00-946444E74726}.Debug|Any CPU.ActiveCfg = Debug|Any CPU
		{88A7F680-DF1A-4B26-BF00-946444E74726}.Debug|Any CPU.Build.0 = Debug|Any CPU
		{88A7F680-DF1A-4B26-BF00-946444E74726}.Release|Any CPU.ActiveCfg = Release|Any CPU
		{88A7F680-DF1A-4B26-BF00-946444E74726}.Release|Any CPU.Build.0 = Release|Any CPU
		{B9EF4C55-0BF7-4985-BD89-199C5ACF9407}.Debug|Any CPU.ActiveCfg = Debug|Any CPU
		{B9EF4C55-0BF7-4985-BD89-199C5ACF9407}.Debug|Any CPU.Build.0 = Debug|Any CPU
		{B9EF4C55-0BF7-4985-BD89-199C5ACF9407}.Release|Any CPU.ActiveCfg = Release|Any CPU
		{B9EF4C55-0BF7-4985-BD89-199C5ACF9407}.Release|Any CPU.Build.0 = Release|Any CPU
		{01188D36-9AC3-4406-81EB-BA2E34BDDF23}.Debug|Any CPU.ActiveCfg = Debug|Any CPU
		{01188D36-9AC3-4406-81EB-BA2E34BDDF23}.Debug|Any CPU.Build.0 = Debug|Any CPU
		{01188D36-9AC3-4406-81EB-BA2E34BDDF23}.Release|Any CPU.ActiveCfg = Release|Any CPU
		{01188D36-9AC3-4406-81EB-BA2E34BDDF23}.Release|Any CPU.Build.0 = Release|Any CPU
		{47E583FA-4BA7-4782-B13B-C102BB23A81E}.Debug|Any CPU.ActiveCfg = Debug|Any CPU
		{47E583FA-4BA7-4782-B13B-C102BB23A81E}.Debug|Any CPU.Build.0 = Debug|Any CPU
		{47E583FA-4BA7-4782-B13B-C102BB23A81E}.Release|Any CPU.ActiveCfg = Release|Any CPU
		{47E583FA-4BA7-4782-B13B-C102BB23A81E}.Release|Any CPU.Build.0 = Release|Any CPU
		{A24E048C-9469-4892-A380-8166ED5DB725}.Debug|Any CPU.ActiveCfg = Debug|Any CPU
		{A24E048C-9469-4892-A380-8166ED5DB725}.Debug|Any CPU.Build.0 = Debug|Any CPU
		{A24E048C-9469-4892-A380-8166ED5DB725}.Release|Any CPU.ActiveCfg = Release|Any CPU
		{A24E048C-9469-4892-A380-8166ED5DB725}.Release|Any CPU.Build.0 = Release|Any CPU
		{F33C23EE-DCE7-443E-90DB-3C20A54405E8}.Debug|Any CPU.ActiveCfg = Debug|Any CPU
		{F33C23EE-DCE7-443E-90DB-3C20A54405E8}.Debug|Any CPU.Build.0 = Debug|Any CPU
		{F33C23EE-DCE7-443E-90DB-3C20A54405E8}.Release|Any CPU.ActiveCfg = Release|Any CPU
		{F33C23EE-DCE7-443E-90DB-3C20A54405E8}.Release|Any CPU.Build.0 = Release|Any CPU
		{B5C89BEE-6B82-4E26-92A1-EAFACDEA96F7}.Debug|Any CPU.ActiveCfg = Debug|Any CPU
		{B5C89BEE-6B82-4E26-92A1-EAFACDEA96F7}.Debug|Any CPU.Build.0 = Debug|Any CPU
		{B5C89BEE-6B82-4E26-92A1-EAFACDEA96F7}.Release|Any CPU.ActiveCfg = Release|Any CPU
		{B5C89BEE-6B82-4E26-92A1-EAFACDEA96F7}.Release|Any CPU.Build.0 = Release|Any CPU
	EndGlobalSection
	GlobalSection(SolutionProperties) = preSolution
		HideSolutionNode = FALSE
	EndGlobalSection
	GlobalSection(NestedProjects) = preSolution
		{DE132A57-8094-47E3-A23B-4CE262397870} = {A92E0495-3F45-4336-AB18-FFC5164A87D1}
		{01188D36-9AC3-4406-81EB-BA2E34BDDF23} = {A92E0495-3F45-4336-AB18-FFC5164A87D1}
		{47E583FA-4BA7-4782-B13B-C102BB23A81E} = {A92E0495-3F45-4336-AB18-FFC5164A87D1}
		{4CC39A5D-E68A-4D45-97DA-85C35D0C1A0F} = {BF8AA609-26B6-4C77-920C-373F01A49773}
		{2EB8B9EF-BCAC-41C0-9160-6AF4C21F123B} = {BF8AA609-26B6-4C77-920C-373F01A49773}
		{A1B2BC17-BA8B-43A0-8A00-D48940696492} = {BF8AA609-26B6-4C77-920C-373F01A49773}
		{B9EF4C55-0BF7-4985-BD89-199C5ACF9407} = {ECE72719-18B1-4FBA-AD5C-0610022969D8}
		{DA367CBC-73DB-419A-96AD-741FCDD9E264} = {F6A7FD6D-EDAA-463B-B843-7C6B79D5AEF3}
		{88A7F680-DF1A-4B26-BF00-946444E74726} = {C1ACC4C5-8677-4258-8819-5A58FC2B7FE9}
	EndGlobalSection
EndGlobal
